// !$*UTF8*$!
{
	archiveVersion = 1;
	classes = {
	};
	objectVersion = 50;
	objects = {

/* Begin PBXBuildFile section */
		48246C922173A75700203A13 /* AppDelegate.swift in Sources */ = {isa = PBXBuildFile; fileRef = 48246C912173A75700203A13 /* AppDelegate.swift */; };
		48246C942173A75700203A13 /* ViewController.swift in Sources */ = {isa = PBXBuildFile; fileRef = 48246C932173A75700203A13 /* ViewController.swift */; };
		48246C972173A75700203A13 /* Main.storyboard in Resources */ = {isa = PBXBuildFile; fileRef = 48246C952173A75700203A13 /* Main.storyboard */; };
		48246C992173A75800203A13 /* Assets.xcassets in Resources */ = {isa = PBXBuildFile; fileRef = 48246C982173A75800203A13 /* Assets.xcassets */; };
		48246C9C2173A75800203A13 /* LaunchScreen.storyboard in Resources */ = {isa = PBXBuildFile; fileRef = 48246C9A2173A75800203A13 /* LaunchScreen.storyboard */; };
		48246CAC2173A9ED00203A13 /* common.framework in Frameworks */ = {isa = PBXBuildFile; fileRef = 48246CAB2173A9ED00203A13 /* common.framework */; };
		48246CAD2173A9ED00203A13 /* common.framework in Embed Frameworks */ = {isa = PBXBuildFile; fileRef = 48246CAB2173A9ED00203A13 /* common.framework */; settings = {ATTRIBUTES = (CodeSignOnCopy, RemoveHeadersOnCopy, ); }; };
		48246CB02173ABE200203A13 /* IosAnalyticsManager.swift in Sources */ = {isa = PBXBuildFile; fileRef = 48246CAF2173ABE200203A13 /* IosAnalyticsManager.swift */; };
/* End PBXBuildFile section */

/* Begin PBXCopyFilesBuildPhase section */
		48246CAE2173A9ED00203A13 /* Embed Frameworks */ = {
			isa = PBXCopyFilesBuildPhase;
			buildActionMask = 2147483647;
			dstPath = "";
			dstSubfolderSpec = 10;
			files = (
				48246CAD2173A9ED00203A13 /* common.framework in Embed Frameworks */,
			);
			name = "Embed Frameworks";
			runOnlyForDeploymentPostprocessing = 0;
		};
/* End PBXCopyFilesBuildPhase section */

/* Begin PBXFileReference section */
		48246C8E2173A75700203A13 /* KotlinMPLogging.app */ = {isa = PBXFileReference; explicitFileType = wrapper.application; includeInIndex = 0; path = KotlinMPLogging.app; sourceTree = BUILT_PRODUCTS_DIR; };
		48246C912173A75700203A13 /* AppDelegate.swift */ = {isa = PBXFileReference; lastKnownFileType = sourcecode.swift; path = AppDelegate.swift; sourceTree = "<group>"; };
		48246C932173A75700203A13 /* ViewController.swift */ = {isa = PBXFileReference; lastKnownFileType = sourcecode.swift; path = ViewController.swift; sourceTree = "<group>"; };
		48246C962173A75700203A13 /* Base */ = {isa = PBXFileReference; lastKnownFileType = file.storyboard; name = Base; path = Base.lproj/Main.storyboard; sourceTree = "<group>"; };
		48246C982173A75800203A13 /* Assets.xcassets */ = {isa = PBXFileReference; lastKnownFileType = folder.assetcatalog; path = Assets.xcassets; sourceTree = "<group>"; };
		48246C9B2173A75800203A13 /* Base */ = {isa = PBXFileReference; lastKnownFileType = file.storyboard; name = Base; path = Base.lproj/LaunchScreen.storyboard; sourceTree = "<group>"; };
		48246C9D2173A75800203A13 /* Info.plist */ = {isa = PBXFileReference; lastKnownFileType = text.plist.xml; path = Info.plist; sourceTree = "<group>"; };
		48246CA42173A92B00203A13 /* common.framework */ = {isa = PBXFileReference; lastKnownFileType = wrapper.framework; name = common.framework; path = ../../common/build/bin/iOS/main/release/framework/common.framework; sourceTree = "<group>"; };
		48246CA62173A94100203A13 /* common.framework */ = {isa = PBXFileReference; lastKnownFileType = wrapper.framework; name = common.framework; path = ../../common/build/bin/iOS/main/debug/framework/common.framework; sourceTree = "<group>"; };
		48246CAB2173A9ED00203A13 /* common.framework */ = {isa = PBXFileReference; lastKnownFileType = wrapper.framework; name = common.framework; path = ../../common/build/bin/iOS/main/debug/framework/common.framework; sourceTree = "<group>"; };
		48246CAF2173ABE200203A13 /* IosAnalyticsManager.swift */ = {isa = PBXFileReference; lastKnownFileType = sourcecode.swift; path = IosAnalyticsManager.swift; sourceTree = "<group>"; };
/* End PBXFileReference section */

/* Begin PBXFrameworksBuildPhase section */
		48246C8B2173A75700203A13 /* Frameworks */ = {
			isa = PBXFrameworksBuildPhase;
			buildActionMask = 2147483647;
			files = (
				48246CAC2173A9ED00203A13 /* common.framework in Frameworks */,
			);
			runOnlyForDeploymentPostprocessing = 0;
		};
/* End PBXFrameworksBuildPhase section */

/* Begin PBXGroup section */
		48246C852173A75700203A13 = {
			isa = PBXGroup;
			children = (
				48246CAB2173A9ED00203A13 /* common.framework */,
				48246C902173A75700203A13 /* KotlinMPLogging */,
				48246C8F2173A75700203A13 /* Products */,
				48246CA32173A92B00203A13 /* Frameworks */,
			);
			sourceTree = "<group>";
		};
		48246C8F2173A75700203A13 /* Products */ = {
			isa = PBXGroup;
			children = (
				48246C8E2173A75700203A13 /* KotlinMPLogging.app */,
			);
			name = Products;
			sourceTree = "<group>";
		};
		48246C902173A75700203A13 /* KotlinMPLogging */ = {
			isa = PBXGroup;
			children = (
				48246C912173A75700203A13 /* AppDelegate.swift */,
				48246C932173A75700203A13 /* ViewController.swift */,
				48246C952173A75700203A13 /* Main.storyboard */,
				48246C982173A75800203A13 /* Assets.xcassets */,
				48246C9A2173A75800203A13 /* LaunchScreen.storyboard */,
				48246C9D2173A75800203A13 /* Info.plist */,
				48246CAF2173ABE200203A13 /* IosAnalyticsManager.swift */,
			);
			path = KotlinMPLogging;
			sourceTree = "<group>";
		};
		48246CA32173A92B00203A13 /* Frameworks */ = {
			isa = PBXGroup;
			children = (
				48246CA62173A94100203A13 /* common.framework */,
				48246CA42173A92B00203A13 /* common.framework */,
			);
			name = Frameworks;
			sourceTree = "<group>";
		};
/* End PBXGroup section */

/* Begin PBXNativeTarget section */
		48246C8D2173A75700203A13 /* KotlinMPLogging */ = {
			isa = PBXNativeTarget;
			buildConfigurationList = 48246CA02173A75800203A13 /* Build configuration list for PBXNativeTarget "KotlinMPLogging" */;
			buildPhases = (
				48246C8A2173A75700203A13 /* Sources */,
				48246C8B2173A75700203A13 /* Frameworks */,
				48246C8C2173A75700203A13 /* Resources */,
				48246CAE2173A9ED00203A13 /* Embed Frameworks */,
			);
			buildRules = (
			);
			dependencies = (
			);
			name = KotlinMPLogging;
			productName = KotlinMPLogging;
			productReference = 48246C8E2173A75700203A13 /* KotlinMPLogging.app */;
			productType = "com.apple.product-type.application";
		};
/* End PBXNativeTarget section */

/* Begin PBXProject section */
		48246C862173A75700203A13 /* Project object */ = {
			isa = PBXProject;
			attributes = {
				LastSwiftUpdateCheck = 1000;
				LastUpgradeCheck = 1000;
				ORGANIZATIONNAME = "Manij Shrestha";
				TargetAttributes = {
					48246C8D2173A75700203A13 = {
						CreatedOnToolsVersion = 10.0;
					};
				};
			};
			buildConfigurationList = 48246C892173A75700203A13 /* Build configuration list for PBXProject "KotlinMPLogging" */;
			compatibilityVersion = "Xcode 9.3";
			developmentRegion = en;
			hasScannedForEncodings = 0;
			knownRegions = (
				en,
				Base,
			);
			mainGroup = 48246C852173A75700203A13;
			productRefGroup = 48246C8F2173A75700203A13 /* Products */;
			projectDirPath = "";
			projectRoot = "";
			targets = (
				48246C8D2173A75700203A13 /* KotlinMPLogging */,
			);
		};
/* End PBXProject section */

/* Begin PBXResourcesBuildPhase section */
		48246C8C2173A75700203A13 /* Resources */ = {
			isa = PBXResourcesBuildPhase;
			buildActionMask = 2147483647;
			files = (
				48246C9C2173A75800203A13 /* LaunchScreen.storyboard in Resources */,
				48246C992173A75800203A13 /* Assets.xcassets in Resources */,
				48246C972173A75700203A13 /* Main.storyboard in Resources */,
			);
			runOnlyForDeploymentPostprocessing = 0;
		};
/* End PBXResourcesBuildPhase section */

/* Begin PBXSourcesBuildPhase section */
		48246C8A2173A75700203A13 /* Sources */ = {
			isa = PBXSourcesBuildPhase;
			buildActionMask = 2147483647;
			files = (
				48246C942173A75700203A13 /* ViewController.swift in Sources */,
				48246C922173A75700203A13 /* AppDelegate.swift in Sources */,
				48246CB02173ABE200203A13 /* IosAnalyticsManager.swift in Sources */,
			);
			runOnlyForDeploymentPostprocessing = 0;
		};
/* End PBXSourcesBuildPhase section */

/* Begin PBXVariantGroup section */
		48246C952173A75700203A13 /* Main.storyboard */ = {
			isa = PBXVariantGroup;
			children = (
				48246C962173A75700203A13 /* Base */,
			);
			name = Main.storyboard;
			sourceTree = "<group>";
		};
		48246C9A2173A75800203A13 /* LaunchScreen.storyboard */ = {
			isa = PBXVariantGroup;
			children = (
				48246C9B2173A75800203A13 /* Base */,
			);
			name = LaunchScreen.storyboard;
			sourceTree = "<group>";
		};
/* End PBXVariantGroup section */

/* Begin XCBuildConfiguration section */
		48246C9E2173A75800203A13 /* Debug */ = {
			isa = XCBuildConfiguration;
			buildSettings = {
				ALWAYS_SEARCH_USER_PATHS = NO;
				CLANG_ANALYZER_NONNULL = YES;
				CLANG_ANALYZER_NUMBER_OBJECT_CONVERSION = YES_AGGRESSIVE;
				CLANG_CXX_LANGUAGE_STANDARD = "gnu++14";
				CLANG_CXX_LIBRARY = "libc++";
				CLANG_ENABLE_MODULES = YES;
				CLANG_ENABLE_OBJC_ARC = YES;
				CLANG_ENABLE_OBJC_WEAK = YES;
				CLANG_WARN_BLOCK_CAPTURE_AUTORELEASING = YES;
				CLANG_WARN_BOOL_CONVERSION = YES;
				CLANG_WARN_COMMA = YES;
				CLANG_WARN_CONSTANT_CONVERSION = YES;
				CLANG_WARN_DEPRECATED_OBJC_IMPLEMENTATIONS = YES;
				CLANG_WARN_DIRECT_OBJC_ISA_USAGE = YES_ERROR;
				CLANG_WARN_DOCUMENTATION_COMMENTS = YES;
				CLANG_WARN_EMPTY_BODY = YES;
				CLANG_WARN_ENUM_CONVERSION = YES;
				CLANG_WARN_INFINITE_RECURSION = YES;
				CLANG_WARN_INT_CONVERSION = YES;
				CLANG_WARN_NON_LITERAL_NULL_CONVERSION = YES;
				CLANG_WARN_OBJC_IMPLICIT_RETAIN_SELF = YES;
				CLANG_WARN_OBJC_LITERAL_CONVERSION = YES;
				CLANG_WARN_OBJC_ROOT_CLASS = YES_ERROR;
				CLANG_WARN_RANGE_LOOP_ANALYSIS = YES;
				CLANG_WARN_STRICT_PROTOTYPES = YES;
				CLANG_WARN_SUSPICIOUS_MOVE = YES;
				CLANG_WARN_UNGUARDED_AVAILABILITY = YES_AGGRESSIVE;
				CLANG_WARN_UNREACHABLE_CODE = YES;
				CLANG_WARN__DUPLICATE_METHOD_MATCH = YES;
				CODE_SIGN_IDENTITY = "iPhone Developer";
				COPY_PHASE_STRIP = NO;
				DEBUG_INFORMATION_FORMAT = dwarf;
				ENABLE_STRICT_OBJC_MSGSEND = YES;
				ENABLE_TESTABILITY = YES;
				GCC_C_LANGUAGE_STANDARD = gnu11;
				GCC_DYNAMIC_NO_PIC = NO;
				GCC_NO_COMMON_BLOCKS = YES;
				GCC_OPTIMIZATION_LEVEL = 0;
				GCC_PREPROCESSOR_DEFINITIONS = (
					"DEBUG=1",
					"$(inherited)",
				);
				GCC_WARN_64_TO_32_BIT_CONVERSION = YES;
				GCC_WARN_ABOUT_RETURN_TYPE = YES_ERROR;
				GCC_WARN_UNDECLARED_SELECTOR = YES;
				GCC_WARN_UNINITIALIZED_AUTOS = YES_AGGRESSIVE;
				GCC_WARN_UNUSED_FUNCTION = YES;
				GCC_WARN_UNUSED_VARIABLE = YES;
				IPHONEOS_DEPLOYMENT_TARGET = 12.0;
				MTL_ENABLE_DEBUG_INFO = INCLUDE_SOURCE;
				MTL_FAST_MATH = YES;
				ONLY_ACTIVE_ARCH = YES;
				SDKROOT = iphoneos;
				SWIFT_ACTIVE_COMPILATION_CONDITIONS = DEBUG;
				SWIFT_OPTIMIZATION_LEVEL = "-Onone";
			};
			name = Debug;
		};
		48246C9F2173A75800203A13 /* Release */ = {
			isa = XCBuildConfiguration;
			buildSettings = {
				ALWAYS_SEARCH_USER_PATHS = NO;
				CLANG_ANALYZER_NONNULL = YES;
				CLANG_ANALYZER_NUMBER_OBJECT_CONVERSION = YES_AGGRESSIVE;
				CLANG_CXX_LANGUAGE_STANDARD = "gnu++14";
				CLANG_CXX_LIBRARY = "libc++";
				CLANG_ENABLE_MODULES = YES;
				CLANG_ENABLE_OBJC_ARC = YES;
				CLANG_ENABLE_OBJC_WEAK = YES;
				CLANG_WARN_BLOCK_CAPTURE_AUTORELEASING = YES;
				CLANG_WARN_BOOL_CONVERSION = YES;
				CLANG_WARN_COMMA = YES;
				CLANG_WARN_CONSTANT_CONVERSION = YES;
				CLANG_WARN_DEPRECATED_OBJC_IMPLEMENTATIONS = YES;
				CLANG_WARN_DIRECT_OBJC_ISA_USAGE = YES_ERROR;
				CLANG_WARN_DOCUMENTATION_COMMENTS = YES;
				CLANG_WARN_EMPTY_BODY = YES;
				CLANG_WARN_ENUM_CONVERSION = YES;
				CLANG_WARN_INFINITE_RECURSION = YES;
				CLANG_WARN_INT_CONVERSION = YES;
				CLANG_WARN_NON_LITERAL_NULL_CONVERSION = YES;
				CLANG_WARN_OBJC_IMPLICIT_RETAIN_SELF = YES;
				CLANG_WARN_OBJC_LITERAL_CONVERSION = YES;
				CLANG_WARN_OBJC_ROOT_CLASS = YES_ERROR;
				CLANG_WARN_RANGE_LOOP_ANALYSIS = YES;
				CLANG_WARN_STRICT_PROTOTYPES = YES;
				CLANG_WARN_SUSPICIOUS_MOVE = YES;
				CLANG_WARN_UNGUARDED_AVAILABILITY = YES_AGGRESSIVE;
				CLANG_WARN_UNREACHABLE_CODE = YES;
				CLANG_WARN__DUPLICATE_METHOD_MATCH = YES;
				CODE_SIGN_IDENTITY = "iPhone Developer";
				COPY_PHASE_STRIP = NO;
				DEBUG_INFORMATION_FORMAT = "dwarf-with-dsym";
				ENABLE_NS_ASSERTIONS = NO;
				ENABLE_STRICT_OBJC_MSGSEND = YES;
				GCC_C_LANGUAGE_STANDARD = gnu11;
				GCC_NO_COMMON_BLOCKS = YES;
				GCC_WARN_64_TO_32_BIT_CONVERSION = YES;
				GCC_WARN_ABOUT_RETURN_TYPE = YES_ERROR;
				GCC_WARN_UNDECLARED_SELECTOR = YES;
				GCC_WARN_UNINITIALIZED_AUTOS = YES_AGGRESSIVE;
				GCC_WARN_UNUSED_FUNCTION = YES;
				GCC_WARN_UNUSED_VARIABLE = YES;
				IPHONEOS_DEPLOYMENT_TARGET = 12.0;
				MTL_ENABLE_DEBUG_INFO = NO;
				MTL_FAST_MATH = YES;
				SDKROOT = iphoneos;
				SWIFT_COMPILATION_MODE = wholemodule;
				SWIFT_OPTIMIZATION_LEVEL = "-O";
				VALIDATE_PRODUCT = YES;
			};
			name = Release;
		};
		48246CA12173A75800203A13 /* Debug */ = {
			isa = XCBuildConfiguration;
			buildSettings = {
				ASSETCATALOG_COMPILER_APPICON_NAME = AppIcon;
				CODE_SIGN_STYLE = Automatic;
				ENABLE_BITCODE = YES;
				FRAMEWORK_SEARCH_PATHS = "$(SRCROOT)/../../common/build/bin/iOS/main/debug/framework";
				INFOPLIST_FILE = KotlinMPLogging/Info.plist;
				LD_RUNPATH_SEARCH_PATHS = (
					"$(inherited)",
					"@executable_path/Frameworks",
				);
				PRODUCT_BUNDLE_IDENTIFIER = com.manijshrestha.KotlinMPLogging;
				PRODUCT_NAME = "$(TARGET_NAME)";
				SWIFT_VERSION = 4.2;
				TARGETED_DEVICE_FAMILY = "1,2";
			};
			name = Debug;
		};
		48246CA22173A75800203A13 /* Release */ = {
			isa = XCBuildConfiguration;
			buildSettings = {
				ASSETCATALOG_COMPILER_APPICON_NAME = AppIcon;
				CODE_SIGN_STYLE = Automatic;
				ENABLE_BITCODE = YES;
				FRAMEWORK_SEARCH_PATHS = "$(SRCROOT)/../../common/build/bin/iOS/main/release/framework";
				INFOPLIST_FILE = KotlinMPLogging/Info.plist;
				LD_RUNPATH_SEARCH_PATHS = (
					"$(inherited)",
					"@executable_path/Frameworks",
				);
				PRODUCT_BUNDLE_IDENTIFIER = com.manijshrestha.KotlinMPLogging;
				PRODUCT_NAME = "$(TARGET_NAME)";
				SWIFT_VERSION = 4.2;
				TARGETED_DEVICE_FAMILY = "1,2";
			};
			name = Release;
		};
/* End XCBuildConfiguration section */

/* Begin XCConfigurationList section */
		48246C892173A75700203A13 /* Build configuration list for PBXProject "KotlinMPLogging" */ = {
			isa = XCConfigurationList;
			buildConfigurations = (
				48246C9E2173A75800203A13 /* Debug */,
				48246C9F2173A75800203A13 /* Release */,
			);
			defaultConfigurationIsVisible = 0;
			defaultConfigurationName = Release;
		};
		48246CA02173A75800203A13 /* Build configuration list for PBXNativeTarget "KotlinMPLogging" */ = {
			isa = XCConfigurationList;
			buildConfigurations = (
				48246CA12173A75800203A13 /* Debug */,
				48246CA22173A75800203A13 /* Release */,
			);
			defaultConfigurationIsVisible = 0;
			defaultConfigurationName = Release;
		};
/* End XCConfigurationList section */
	};
	rootObject = 48246C862173A75700203A13 /* Project object */;
}
